
Microsoft Visual Studio Solution File, Format Version 12.00
# Visual Studio Version 16
VisualStudioVersion = 16.0.30804.86
MinimumVisualStudioVersion = 10.0.40219.1
Project("{FAE04EC0-301F-11D3-BF4B-00C04F79EFBC}") = "1.ReverseStrings", "1.ReverseStrings\1.ReverseStrings.csproj", "{A711651A-E038-47AD-8299-B2C39F803B3A}"
EndProject
Project("{FAE04EC0-301F-11D3-BF4B-00C04F79EFBC}") = "2.RepeatStrings", "2.RepeatStrings\2.RepeatStrings.csproj", "{EF37BD9F-2358-402E-A44D-1D3B559FD57F}"
EndProject
Project("{FAE04EC0-301F-11D3-BF4B-00C04F79EFBC}") = "3.Substring", "3.Substring\3.Substring.csproj", "{AEFBD20B-D9A8-41E8-B235-48E5DB2CA2E1}"
EndProject
Project("{FAE04EC0-301F-11D3-BF4B-00C04F79EFBC}") = "4.TextFilter", "4.TextFilter\4.TextFilter.csproj", "{BAC98ECE-5186-4903-8E92-CB4641D73261}"
EndProject
Project("{FAE04EC0-301F-11D3-BF4B-00C04F79EFBC}") = "5.Digits,LettersAndOther", "5.Digits,LettersAndOther\5.Digits,LettersAndOther.csproj", "{2899914F-D9F7-43AA-BA99-8EC631A19155}"
EndProject
Global
	GlobalSection(SolutionConfigurationPlatforms) = preSolution
		Debug|Any CPU = Debug|Any CPU
		Release|Any CPU = Release|Any CPU
	EndGlobalSection
	GlobalSection(ProjectConfigurationPlatforms) = postSolution
		{A711651A-E038-47AD-8299-B2C39F803B3A}.Debug|Any CPU.ActiveCfg = Debug|Any CPU
		{A711651A-E038-47AD-8299-B2C39F803B3A}.Debug|Any CPU.Build.0 = Debug|Any CPU
		{A711651A-E038-47AD-8299-B2C39F803B3A}.Release|Any CPU.ActiveCfg = Release|Any CPU
		{A711651A-E038-47AD-8299-B2C39F803B3A}.Release|Any CPU.Build.0 = Release|Any CPU
		{EF37BD9F-2358-402E-A44D-1D3B559FD57F}.Debug|Any CPU.ActiveCfg = Debug|Any CPU
		{EF37BD9F-2358-402E-A44D-1D3B559FD57F}.Debug|Any CPU.Build.0 = Debug|Any CPU
		{EF37BD9F-2358-402E-A44D-1D3B559FD57F}.Release|Any CPU.ActiveCfg = Release|Any CPU
		{EF37BD9F-2358-402E-A44D-1D3B559FD57F}.Release|Any CPU.Build.0 = Release|Any CPU
		{AEFBD20B-D9A8-41E8-B235-48E5DB2CA2E1}.Debug|Any CPU.ActiveCfg = Debug|Any CPU
		{AEFBD20B-D9A8-41E8-B235-48E5DB2CA2E1}.Debug|Any CPU.Build.0 = Debug|Any CPU
		{AEFBD20B-D9A8-41E8-B235-48E5DB2CA2E1}.Release|Any CPU.ActiveCfg = Release|Any CPU
		{AEFBD20B-D9A8-41E8-B235-48E5DB2CA2E1}.Release|Any CPU.Build.0 = Release|Any CPU
		{BAC98ECE-5186-4903-8E92-CB4641D73261}.Debug|Any CPU.ActiveCfg = Debug|Any CPU
		{BAC98ECE-5186-4903-8E92-CB4641D73261}.Debug|Any CPU.Build.0 = Debug|Any CPU
		{BAC98ECE-5186-4903-8E92-CB4641D73261}.Release|Any CPU.ActiveCfg = Release|Any CPU
		{BAC98ECE-5186-4903-8E92-CB4641D73261}.Release|Any CPU.Build.0 = Release|Any CPU
		{2899914F-D9F7-43AA-BA99-8EC631A19155}.Debug|Any CPU.ActiveCfg = Debug|Any CPU
		{2899914F-D9F7-43AA-BA99-8EC631A19155}.Debug|Any CPU.Build.0 = Debug|Any CPU
		{2899914F-D9F7-43AA-BA99-8EC631A19155}.Release|Any CPU.ActiveCfg = Release|Any CPU
		{2899914F-D9F7-43AA-BA99-8EC631A19155}.Release|Any CPU.Build.0 = Release|Any CPU
	EndGlobalSection
	GlobalSection(SolutionProperties) = preSolution
		HideSolutionNode = FALSE
	EndGlobalSection
	GlobalSection(ExtensibilityGlobals) = postSolution
		SolutionGuid = {56450343-FA2E-414D-AD36-8013275ADC9C}
	EndGlobalSection
EndGlobal
