
Microsoft Visual Studio Solution File, Format Version 12.00
# Visual Studio Version 16
VisualStudioVersion = 16.0.30804.86
MinimumVisualStudioVersion = 10.0.40219.1
Project("{FAE04EC0-301F-11D3-BF4B-00C04F79EFBC}") = "1.CountRealNumbers", "1.CountRealNumbers\1.CountRealNumbers.csproj", "{D88831D3-3682-4442-A1F9-A4F318715E9B}"
EndProject
Project("{FAE04EC0-301F-11D3-BF4B-00C04F79EFBC}") = "2.OddOccurrences", "2.OddOccurrences\2.OddOccurrences.csproj", "{AA77BA98-EF11-4BB6-BC9C-A4B6FDA032A1}"
EndProject
Project("{FAE04EC0-301F-11D3-BF4B-00C04F79EFBC}") = "3.WordSynonyms", "3.WordSynonyms\3.WordSynonyms.csproj", "{31280FB2-FB88-4A8C-B672-2126E8DD5D26}"
EndProject
Project("{FAE04EC0-301F-11D3-BF4B-00C04F79EFBC}") = "4.Largest3Numbers", "4.Largest3Numbers\4.Largest3Numbers.csproj", "{0CEEBE4B-C848-4C71-972A-853ADEAA2785}"
EndProject
Project("{FAE04EC0-301F-11D3-BF4B-00C04F79EFBC}") = "5.WordFilter", "5.WordFilter\5.WordFilter.csproj", "{EF781C20-CC6F-4D69-9B92-70DF5AE31A98}"
EndProject
Global
	GlobalSection(SolutionConfigurationPlatforms) = preSolution
		Debug|Any CPU = Debug|Any CPU
		Release|Any CPU = Release|Any CPU
	EndGlobalSection
	GlobalSection(ProjectConfigurationPlatforms) = postSolution
		{D88831D3-3682-4442-A1F9-A4F318715E9B}.Debug|Any CPU.ActiveCfg = Debug|Any CPU
		{D88831D3-3682-4442-A1F9-A4F318715E9B}.Debug|Any CPU.Build.0 = Debug|Any CPU
		{D88831D3-3682-4442-A1F9-A4F318715E9B}.Release|Any CPU.ActiveCfg = Release|Any CPU
		{D88831D3-3682-4442-A1F9-A4F318715E9B}.Release|Any CPU.Build.0 = Release|Any CPU
		{AA77BA98-EF11-4BB6-BC9C-A4B6FDA032A1}.Debug|Any CPU.ActiveCfg = Debug|Any CPU
		{AA77BA98-EF11-4BB6-BC9C-A4B6FDA032A1}.Debug|Any CPU.Build.0 = Debug|Any CPU
		{AA77BA98-EF11-4BB6-BC9C-A4B6FDA032A1}.Release|Any CPU.ActiveCfg = Release|Any CPU
		{AA77BA98-EF11-4BB6-BC9C-A4B6FDA032A1}.Release|Any CPU.Build.0 = Release|Any CPU
		{31280FB2-FB88-4A8C-B672-2126E8DD5D26}.Debug|Any CPU.ActiveCfg = Debug|Any CPU
		{31280FB2-FB88-4A8C-B672-2126E8DD5D26}.Debug|Any CPU.Build.0 = Debug|Any CPU
		{31280FB2-FB88-4A8C-B672-2126E8DD5D26}.Release|Any CPU.ActiveCfg = Release|Any CPU
		{31280FB2-FB88-4A8C-B672-2126E8DD5D26}.Release|Any CPU.Build.0 = Release|Any CPU
		{0CEEBE4B-C848-4C71-972A-853ADEAA2785}.Debug|Any CPU.ActiveCfg = Debug|Any CPU
		{0CEEBE4B-C848-4C71-972A-853ADEAA2785}.Debug|Any CPU.Build.0 = Debug|Any CPU
		{0CEEBE4B-C848-4C71-972A-853ADEAA2785}.Release|Any CPU.ActiveCfg = Release|Any CPU
		{0CEEBE4B-C848-4C71-972A-853ADEAA2785}.Release|Any CPU.Build.0 = Release|Any CPU
		{EF781C20-CC6F-4D69-9B92-70DF5AE31A98}.Debug|Any CPU.ActiveCfg = Debug|Any CPU
		{EF781C20-CC6F-4D69-9B92-70DF5AE31A98}.Debug|Any CPU.Build.0 = Debug|Any CPU
		{EF781C20-CC6F-4D69-9B92-70DF5AE31A98}.Release|Any CPU.ActiveCfg = Release|Any CPU
		{EF781C20-CC6F-4D69-9B92-70DF5AE31A98}.Release|Any CPU.Build.0 = Release|Any CPU
	EndGlobalSection
	GlobalSection(SolutionProperties) = preSolution
		HideSolutionNode = FALSE
	EndGlobalSection
	GlobalSection(ExtensibilityGlobals) = postSolution
		SolutionGuid = {EC8B844D-34E5-4FC4-873D-EC80E6ED006F}
	EndGlobalSection
EndGlobal
