
Microsoft Visual Studio Solution File, Format Version 12.00
# Visual Studio Version 16
VisualStudioVersion = 16.0.30804.86
MinimumVisualStudioVersion = 10.0.40219.1
Project("{9A19103F-16F7-4668-BE54-9A1E7A4F7556}") = "1.CountCharsInAString", "1.CountCharsInAString\1.CountCharsInAString.csproj", "{45F7CBF3-2257-4016-88D1-559841B17FDA}"
EndProject
Project("{9A19103F-16F7-4668-BE54-9A1E7A4F7556}") = "2.AMinerTask", "2.AMinerTask\2.AMinerTask.csproj", "{CC8A1897-A9C7-4CA2-B5DB-B6D875BC2AC7}"
EndProject
Project("{9A19103F-16F7-4668-BE54-9A1E7A4F7556}") = "3.LegendaryFarming", "3.LegendaryFarming\3.LegendaryFarming.csproj", "{A8339BD2-11BA-449C-AC75-148452A86EBE}"
EndProject
Project("{9A19103F-16F7-4668-BE54-9A1E7A4F7556}") = "4.Orders", "4.Orders\4.Orders.csproj", "{EC78CD2A-1988-44A3-90D9-714F786DF225}"
EndProject
Project("{9A19103F-16F7-4668-BE54-9A1E7A4F7556}") = "5.SoftuniParking", "5.SoftuniParking\5.SoftuniParking.csproj", "{3957BD06-890A-4633-9F43-95C92B345585}"
EndProject
Project("{9A19103F-16F7-4668-BE54-9A1E7A4F7556}") = "6.Courses", "6.Courses\6.Courses.csproj", "{364AE46A-269F-4811-8AD0-C2C3BCDEB1F1}"
EndProject
Project("{9A19103F-16F7-4668-BE54-9A1E7A4F7556}") = "7.StudentAcademy", "7.StudentAcademy\7.StudentAcademy.csproj", "{69F686ED-464C-4DDF-8F6F-F206F1D373CC}"
EndProject
Project("{9A19103F-16F7-4668-BE54-9A1E7A4F7556}") = "8.CompanyUsers", "8.CompanyUsers\8.CompanyUsers.csproj", "{40318AFC-726A-4242-B1A7-5115DA9E7B3F}"
EndProject
Project("{FAE04EC0-301F-11D3-BF4B-00C04F79EFBC}") = "9.ForceBook", "9.ForceBook\9.ForceBook.csproj", "{9B018E2C-149B-4765-8F37-9168A10994DA}"
EndProject
Global
	GlobalSection(SolutionConfigurationPlatforms) = preSolution
		Debug|Any CPU = Debug|Any CPU
		Release|Any CPU = Release|Any CPU
	EndGlobalSection
	GlobalSection(ProjectConfigurationPlatforms) = postSolution
		{45F7CBF3-2257-4016-88D1-559841B17FDA}.Debug|Any CPU.ActiveCfg = Debug|Any CPU
		{45F7CBF3-2257-4016-88D1-559841B17FDA}.Debug|Any CPU.Build.0 = Debug|Any CPU
		{45F7CBF3-2257-4016-88D1-559841B17FDA}.Release|Any CPU.ActiveCfg = Release|Any CPU
		{45F7CBF3-2257-4016-88D1-559841B17FDA}.Release|Any CPU.Build.0 = Release|Any CPU
		{CC8A1897-A9C7-4CA2-B5DB-B6D875BC2AC7}.Debug|Any CPU.ActiveCfg = Debug|Any CPU
		{CC8A1897-A9C7-4CA2-B5DB-B6D875BC2AC7}.Debug|Any CPU.Build.0 = Debug|Any CPU
		{CC8A1897-A9C7-4CA2-B5DB-B6D875BC2AC7}.Release|Any CPU.ActiveCfg = Release|Any CPU
		{CC8A1897-A9C7-4CA2-B5DB-B6D875BC2AC7}.Release|Any CPU.Build.0 = Release|Any CPU
		{A8339BD2-11BA-449C-AC75-148452A86EBE}.Debug|Any CPU.ActiveCfg = Debug|Any CPU
		{A8339BD2-11BA-449C-AC75-148452A86EBE}.Debug|Any CPU.Build.0 = Debug|Any CPU
		{A8339BD2-11BA-449C-AC75-148452A86EBE}.Release|Any CPU.ActiveCfg = Release|Any CPU
		{A8339BD2-11BA-449C-AC75-148452A86EBE}.Release|Any CPU.Build.0 = Release|Any CPU
		{EC78CD2A-1988-44A3-90D9-714F786DF225}.Debug|Any CPU.ActiveCfg = Debug|Any CPU
		{EC78CD2A-1988-44A3-90D9-714F786DF225}.Debug|Any CPU.Build.0 = Debug|Any CPU
		{EC78CD2A-1988-44A3-90D9-714F786DF225}.Release|Any CPU.ActiveCfg = Release|Any CPU
		{EC78CD2A-1988-44A3-90D9-714F786DF225}.Release|Any CPU.Build.0 = Release|Any CPU
		{3957BD06-890A-4633-9F43-95C92B345585}.Debug|Any CPU.ActiveCfg = Debug|Any CPU
		{3957BD06-890A-4633-9F43-95C92B345585}.Debug|Any CPU.Build.0 = Debug|Any CPU
		{3957BD06-890A-4633-9F43-95C92B345585}.Release|Any CPU.ActiveCfg = Release|Any CPU
		{3957BD06-890A-4633-9F43-95C92B345585}.Release|Any CPU.Build.0 = Release|Any CPU
		{364AE46A-269F-4811-8AD0-C2C3BCDEB1F1}.Debug|Any CPU.ActiveCfg = Debug|Any CPU
		{364AE46A-269F-4811-8AD0-C2C3BCDEB1F1}.Debug|Any CPU.Build.0 = Debug|Any CPU
		{364AE46A-269F-4811-8AD0-C2C3BCDEB1F1}.Release|Any CPU.ActiveCfg = Release|Any CPU
		{364AE46A-269F-4811-8AD0-C2C3BCDEB1F1}.Release|Any CPU.Build.0 = Release|Any CPU
		{69F686ED-464C-4DDF-8F6F-F206F1D373CC}.Debug|Any CPU.ActiveCfg = Debug|Any CPU
		{69F686ED-464C-4DDF-8F6F-F206F1D373CC}.Debug|Any CPU.Build.0 = Debug|Any CPU
		{69F686ED-464C-4DDF-8F6F-F206F1D373CC}.Release|Any CPU.ActiveCfg = Release|Any CPU
		{69F686ED-464C-4DDF-8F6F-F206F1D373CC}.Release|Any CPU.Build.0 = Release|Any CPU
		{40318AFC-726A-4242-B1A7-5115DA9E7B3F}.Debug|Any CPU.ActiveCfg = Debug|Any CPU
		{40318AFC-726A-4242-B1A7-5115DA9E7B3F}.Debug|Any CPU.Build.0 = Debug|Any CPU
		{40318AFC-726A-4242-B1A7-5115DA9E7B3F}.Release|Any CPU.ActiveCfg = Release|Any CPU
		{40318AFC-726A-4242-B1A7-5115DA9E7B3F}.Release|Any CPU.Build.0 = Release|Any CPU
		{9B018E2C-149B-4765-8F37-9168A10994DA}.Debug|Any CPU.ActiveCfg = Debug|Any CPU
		{9B018E2C-149B-4765-8F37-9168A10994DA}.Debug|Any CPU.Build.0 = Debug|Any CPU
		{9B018E2C-149B-4765-8F37-9168A10994DA}.Release|Any CPU.ActiveCfg = Release|Any CPU
		{9B018E2C-149B-4765-8F37-9168A10994DA}.Release|Any CPU.Build.0 = Release|Any CPU
	EndGlobalSection
	GlobalSection(SolutionProperties) = preSolution
		HideSolutionNode = FALSE
	EndGlobalSection
	GlobalSection(ExtensibilityGlobals) = postSolution
		SolutionGuid = {DDD5F647-107B-4469-949C-F69C2586F4A8}
	EndGlobalSection
EndGlobal
