
Microsoft Visual Studio Solution File, Format Version 12.00
# Visual Studio Version 16
VisualStudioVersion = 16.0.30804.86
MinimumVisualStudioVersion = 10.0.40219.1
Project("{9A19103F-16F7-4668-BE54-9A1E7A4F7556}") = "Problem1-PasswordReset", "Problem1-PasswordReset\Problem1-PasswordReset.csproj", "{EC862807-927D-4973-B173-70A6A3D68EB7}"
EndProject
Project("{9A19103F-16F7-4668-BE54-9A1E7A4F7556}") = "Problem2-FancyBarcodes", "Problem2-FancyBarcodes\Problem2-FancyBarcodes.csproj", "{26F7C571-FBE4-4916-BC4B-0282007B3B05}"
EndProject
Project("{FAE04EC0-301F-11D3-BF4B-00C04F79EFBC}") = "Problem3-HeroesOfCodeAndLogicVII", "Problem3-HeroesOfCodeAndLogicVII\Problem3-HeroesOfCodeAndLogicVII.csproj", "{3DBDD748-3BAB-4EB9-BAC0-6C352A783F2E}"
EndProject
Global
	GlobalSection(SolutionConfigurationPlatforms) = preSolution
		Debug|Any CPU = Debug|Any CPU
		Release|Any CPU = Release|Any CPU
	EndGlobalSection
	GlobalSection(ProjectConfigurationPlatforms) = postSolution
		{EC862807-927D-4973-B173-70A6A3D68EB7}.Debug|Any CPU.ActiveCfg = Debug|Any CPU
		{EC862807-927D-4973-B173-70A6A3D68EB7}.Debug|Any CPU.Build.0 = Debug|Any CPU
		{EC862807-927D-4973-B173-70A6A3D68EB7}.Release|Any CPU.ActiveCfg = Release|Any CPU
		{EC862807-927D-4973-B173-70A6A3D68EB7}.Release|Any CPU.Build.0 = Release|Any CPU
		{26F7C571-FBE4-4916-BC4B-0282007B3B05}.Debug|Any CPU.ActiveCfg = Debug|Any CPU
		{26F7C571-FBE4-4916-BC4B-0282007B3B05}.Debug|Any CPU.Build.0 = Debug|Any CPU
		{26F7C571-FBE4-4916-BC4B-0282007B3B05}.Release|Any CPU.ActiveCfg = Release|Any CPU
		{26F7C571-FBE4-4916-BC4B-0282007B3B05}.Release|Any CPU.Build.0 = Release|Any CPU
		{3DBDD748-3BAB-4EB9-BAC0-6C352A783F2E}.Debug|Any CPU.ActiveCfg = Debug|Any CPU
		{3DBDD748-3BAB-4EB9-BAC0-6C352A783F2E}.Debug|Any CPU.Build.0 = Debug|Any CPU
		{3DBDD748-3BAB-4EB9-BAC0-6C352A783F2E}.Release|Any CPU.ActiveCfg = Release|Any CPU
		{3DBDD748-3BAB-4EB9-BAC0-6C352A783F2E}.Release|Any CPU.Build.0 = Release|Any CPU
	EndGlobalSection
	GlobalSection(SolutionProperties) = preSolution
		HideSolutionNode = FALSE
	EndGlobalSection
	GlobalSection(ExtensibilityGlobals) = postSolution
		SolutionGuid = {D85E8114-1002-4782-96E3-17239E43F662}
	EndGlobalSection
EndGlobal
