
Microsoft Visual Studio Solution File, Format Version 12.00
# Visual Studio Version 16
VisualStudioVersion = 16.0.30804.86
MinimumVisualStudioVersion = 10.0.40219.1
Project("{FAE04EC0-301F-11D3-BF4B-00C04F79EFBC}") = "Problem1.BonusScoringSystem", "Problem1.BonusScoringSystem\Problem1.BonusScoringSystem.csproj", "{22345AC3-DA67-498A-8FAE-D6D7BE0B5970}"
EndProject
Project("{FAE04EC0-301F-11D3-BF4B-00C04F79EFBC}") = "Problem2.MuOnline", "Problem2.MuOnline\Problem2.MuOnline.csproj", "{DEA2D547-965A-44BD-B2BE-D8ED5D0B2454}"
EndProject
Project("{FAE04EC0-301F-11D3-BF4B-00C04F79EFBC}") = "Problem3.Inventory", "Problem3.Inventory\Problem3.Inventory.csproj", "{27869438-DBFA-4FE0-92C0-73BB97E2411D}"
EndProject
Global
	GlobalSection(SolutionConfigurationPlatforms) = preSolution
		Debug|Any CPU = Debug|Any CPU
		Release|Any CPU = Release|Any CPU
	EndGlobalSection
	GlobalSection(ProjectConfigurationPlatforms) = postSolution
		{22345AC3-DA67-498A-8FAE-D6D7BE0B5970}.Debug|Any CPU.ActiveCfg = Debug|Any CPU
		{22345AC3-DA67-498A-8FAE-D6D7BE0B5970}.Debug|Any CPU.Build.0 = Debug|Any CPU
		{22345AC3-DA67-498A-8FAE-D6D7BE0B5970}.Release|Any CPU.ActiveCfg = Release|Any CPU
		{22345AC3-DA67-498A-8FAE-D6D7BE0B5970}.Release|Any CPU.Build.0 = Release|Any CPU
		{DEA2D547-965A-44BD-B2BE-D8ED5D0B2454}.Debug|Any CPU.ActiveCfg = Debug|Any CPU
		{DEA2D547-965A-44BD-B2BE-D8ED5D0B2454}.Debug|Any CPU.Build.0 = Debug|Any CPU
		{DEA2D547-965A-44BD-B2BE-D8ED5D0B2454}.Release|Any CPU.ActiveCfg = Release|Any CPU
		{DEA2D547-965A-44BD-B2BE-D8ED5D0B2454}.Release|Any CPU.Build.0 = Release|Any CPU
		{27869438-DBFA-4FE0-92C0-73BB97E2411D}.Debug|Any CPU.ActiveCfg = Debug|Any CPU
		{27869438-DBFA-4FE0-92C0-73BB97E2411D}.Debug|Any CPU.Build.0 = Debug|Any CPU
		{27869438-DBFA-4FE0-92C0-73BB97E2411D}.Release|Any CPU.ActiveCfg = Release|Any CPU
		{27869438-DBFA-4FE0-92C0-73BB97E2411D}.Release|Any CPU.Build.0 = Release|Any CPU
	EndGlobalSection
	GlobalSection(SolutionProperties) = preSolution
		HideSolutionNode = FALSE
	EndGlobalSection
	GlobalSection(ExtensibilityGlobals) = postSolution
		SolutionGuid = {1BD681C2-F00E-4EDF-977E-B5A470461694}
	EndGlobalSection
EndGlobal
